// !$*UTF8*$!
{
	archiveVersion = 1;
	classes = {
	};
	objectVersion = 50;
	objects = {

/* Begin PBXBuildFile section */
		7EE8EA1C20B9C14E001D5E72 /* AppDelegate.swift in Sources */ = {isa = PBXBuildFile; fileRef = 7EE8EA1B20B9C14E001D5E72 /* AppDelegate.swift */; };
		7EE8EA2120B9C14E001D5E72 /* Main.storyboard in Resources */ = {isa = PBXBuildFile; fileRef = 7EE8EA1F20B9C14E001D5E72 /* Main.storyboard */; };
		7EE8EA2320B9C154001D5E72 /* Assets.xcassets in Resources */ = {isa = PBXBuildFile; fileRef = 7EE8EA2220B9C154001D5E72 /* Assets.xcassets */; };
		7EE8EA2620B9C154001D5E72 /* LaunchScreen.storyboard in Resources */ = {isa = PBXBuildFile; fileRef = 7EE8EA2420B9C154001D5E72 /* LaunchScreen.storyboard */; };
		7EE8EA2F20B9C1A7001D5E72 /* Item.swift in Sources */ = {isa = PBXBuildFile; fileRef = 7EE8EA2E20B9C1A7001D5E72 /* Item.swift */; };
		7EE8EA3220B9C941001D5E72 /* ItemTableTableViewController.swift in Sources */ = {isa = PBXBuildFile; fileRef = 7EE8EA3120B9C941001D5E72 /* ItemTableTableViewController.swift */; };
		7EE8EA3420BC7846001D5E72 /* BaseTableViewController.swift in Sources */ = {isa = PBXBuildFile; fileRef = 7EE8EA3320BC7846001D5E72 /* BaseTableViewController.swift */; };
		7EE8EA3620BC7B39001D5E72 /* ShoppingList.swift in Sources */ = {isa = PBXBuildFile; fileRef = 7EE8EA3520BC7B39001D5E72 /* ShoppingList.swift */; };
		7EE8EA3820BDA006001D5E72 /* ShoppingListTableViewController.swift in Sources */ = {isa = PBXBuildFile; fileRef = 7EE8EA3720BDA006001D5E72 /* ShoppingListTableViewController.swift */; };
/* End PBXBuildFile section */

/* Begin PBXFileReference section */
		7EE8EA1820B9C14D001D5E72 /* ShoppingList.app */ = {isa = PBXFileReference; explicitFileType = wrapper.application; includeInIndex = 0; path = ShoppingList.app; sourceTree = BUILT_PRODUCTS_DIR; };
		7EE8EA1B20B9C14E001D5E72 /* AppDelegate.swift */ = {isa = PBXFileReference; lastKnownFileType = sourcecode.swift; path = AppDelegate.swift; sourceTree = "<group>"; };
		7EE8EA2020B9C14E001D5E72 /* Base */ = {isa = PBXFileReference; lastKnownFileType = file.storyboard; name = Base; path = Base.lproj/Main.storyboard; sourceTree = "<group>"; };
		7EE8EA2220B9C154001D5E72 /* Assets.xcassets */ = {isa = PBXFileReference; lastKnownFileType = folder.assetcatalog; path = Assets.xcassets; sourceTree = "<group>"; };
		7EE8EA2520B9C154001D5E72 /* Base */ = {isa = PBXFileReference; lastKnownFileType = file.storyboard; name = Base; path = Base.lproj/LaunchScreen.storyboard; sourceTree = "<group>"; };
		7EE8EA2720B9C154001D5E72 /* Info.plist */ = {isa = PBXFileReference; lastKnownFileType = text.plist.xml; path = Info.plist; sourceTree = "<group>"; };
		7EE8EA2E20B9C1A7001D5E72 /* Item.swift */ = {isa = PBXFileReference; lastKnownFileType = sourcecode.swift; path = Item.swift; sourceTree = "<group>"; };
		7EE8EA3120B9C941001D5E72 /* ItemTableTableViewController.swift */ = {isa = PBXFileReference; lastKnownFileType = sourcecode.swift; path = ItemTableTableViewController.swift; sourceTree = "<group>"; };
		7EE8EA3320BC7846001D5E72 /* BaseTableViewController.swift */ = {isa = PBXFileReference; lastKnownFileType = sourcecode.swift; path = BaseTableViewController.swift; sourceTree = "<group>"; };
		7EE8EA3520BC7B39001D5E72 /* ShoppingList.swift */ = {isa = PBXFileReference; lastKnownFileType = sourcecode.swift; path = ShoppingList.swift; sourceTree = "<group>"; };
		7EE8EA3720BDA006001D5E72 /* ShoppingListTableViewController.swift */ = {isa = PBXFileReference; lastKnownFileType = sourcecode.swift; path = ShoppingListTableViewController.swift; sourceTree = "<group>"; };
/* End PBXFileReference section */

/* Begin PBXFrameworksBuildPhase section */
		7EE8EA1520B9C14D001D5E72 /* Frameworks */ = {
			isa = PBXFrameworksBuildPhase;
			buildActionMask = 2147483647;
			files = (
			);
			runOnlyForDeploymentPostprocessing = 0;
		};
/* End PBXFrameworksBuildPhase section */

/* Begin PBXGroup section */
		7EE8EA0F20B9C14D001D5E72 = {
			isa = PBXGroup;
			children = (
				7EE8EA1A20B9C14E001D5E72 /* ShoppingList */,
				7EE8EA1920B9C14D001D5E72 /* Products */,
			);
			sourceTree = "<group>";
		};
		7EE8EA1920B9C14D001D5E72 /* Products */ = {
			isa = PBXGroup;
			children = (
				7EE8EA1820B9C14D001D5E72 /* ShoppingList.app */,
			);
			name = Products;
			sourceTree = "<group>";
		};
		7EE8EA1A20B9C14E001D5E72 /* ShoppingList */ = {
			isa = PBXGroup;
			children = (
				7EE8EA3020B9C914001D5E72 /* Controllers */,
				7EE8EA2D20B9C18E001D5E72 /* Models */,
				7EE8EA1B20B9C14E001D5E72 /* AppDelegate.swift */,
				7EE8EA1F20B9C14E001D5E72 /* Main.storyboard */,
				7EE8EA2220B9C154001D5E72 /* Assets.xcassets */,
				7EE8EA2420B9C154001D5E72 /* LaunchScreen.storyboard */,
				7EE8EA2720B9C154001D5E72 /* Info.plist */,
			);
			path = ShoppingList;
			sourceTree = "<group>";
		};
		7EE8EA2D20B9C18E001D5E72 /* Models */ = {
			isa = PBXGroup;
			children = (
				7EE8EA2E20B9C1A7001D5E72 /* Item.swift */,
				7EE8EA3520BC7B39001D5E72 /* ShoppingList.swift */,
			);
			path = Models;
			sourceTree = "<group>";
		};
		7EE8EA3020B9C914001D5E72 /* Controllers */ = {
			isa = PBXGroup;
			children = (
				7EE8EA3120B9C941001D5E72 /* ItemTableTableViewController.swift */,
				7EE8EA3320BC7846001D5E72 /* BaseTableViewController.swift */,
				7EE8EA3720BDA006001D5E72 /* ShoppingListTableViewController.swift */,
			);
			path = Controllers;
			sourceTree = "<group>";
		};
/* End PBXGroup section */

/* Begin PBXNativeTarget section */
		7EE8EA1720B9C14D001D5E72 /* ShoppingList */ = {
			isa = PBXNativeTarget;
			buildConfigurationList = 7EE8EA2A20B9C154001D5E72 /* Build configuration list for PBXNativeTarget "ShoppingList" */;
			buildPhases = (
				7EE8EA1420B9C14D001D5E72 /* Sources */,
				7EE8EA1520B9C14D001D5E72 /* Frameworks */,
				7EE8EA1620B9C14D001D5E72 /* Resources */,
			);
			buildRules = (
			);
			dependencies = (
			);
			name = ShoppingList;
			productName = ShoppingList;
			productReference = 7EE8EA1820B9C14D001D5E72 /* ShoppingList.app */;
			productType = "com.apple.product-type.application";
		};
/* End PBXNativeTarget section */

/* Begin PBXProject section */
		7EE8EA1020B9C14D001D5E72 /* Project object */ = {
			isa = PBXProject;
			attributes = {
				LastSwiftUpdateCheck = 0930;
				LastUpgradeCheck = 0930;
				ORGANIZATIONNAME = Jartown;
				TargetAttributes = {
					7EE8EA1720B9C14D001D5E72 = {
						CreatedOnToolsVersion = 9.3.1;
					};
				};
			};
			buildConfigurationList = 7EE8EA1320B9C14D001D5E72 /* Build configuration list for PBXProject "ShoppingList" */;
			compatibilityVersion = "Xcode 9.3";
			developmentRegion = en;
			hasScannedForEncodings = 0;
			knownRegions = (
				en,
				Base,
			);
			mainGroup = 7EE8EA0F20B9C14D001D5E72;
			productRefGroup = 7EE8EA1920B9C14D001D5E72 /* Products */;
			projectDirPath = "";
			projectRoot = "";
			targets = (
				7EE8EA1720B9C14D001D5E72 /* ShoppingList */,
			);
		};
/* End PBXProject section */

/* Begin PBXResourcesBuildPhase section */
		7EE8EA1620B9C14D001D5E72 /* Resources */ = {
			isa = PBXResourcesBuildPhase;
			buildActionMask = 2147483647;
			files = (
				7EE8EA2620B9C154001D5E72 /* LaunchScreen.storyboard in Resources */,
				7EE8EA2320B9C154001D5E72 /* Assets.xcassets in Resources */,
				7EE8EA2120B9C14E001D5E72 /* Main.storyboard in Resources */,
			);
			runOnlyForDeploymentPostprocessing = 0;
		};
/* End PBXResourcesBuildPhase section */

/* Begin PBXSourcesBuildPhase section */
		7EE8EA1420B9C14D001D5E72 /* Sources */ = {
			isa = PBXSourcesBuildPhase;
			buildActionMask = 2147483647;
			files = (
				7EE8EA2F20B9C1A7001D5E72 /* Item.swift in Sources */,
				7EE8EA1C20B9C14E001D5E72 /* AppDelegate.swift in Sources */,
				7EE8EA3620BC7B39001D5E72 /* ShoppingList.swift in Sources */,
				7EE8EA3420BC7846001D5E72 /* BaseTableViewController.swift in Sources */,
				7EE8EA3220B9C941001D5E72 /* ItemTableTableViewController.swift in Sources */,
				7EE8EA3820BDA006001D5E72 /* ShoppingListTableViewController.swift in Sources */,
			);
			runOnlyForDeploymentPostprocessing = 0;
		};
/* End PBXSourcesBuildPhase section */

/* Begin PBXVariantGroup section */
		7EE8EA1F20B9C14E001D5E72 /* Main.storyboard */ = {
			isa = PBXVariantGroup;
			children = (
				7EE8EA2020B9C14E001D5E72 /* Base */,
			);
			name = Main.storyboard;
			sourceTree = "<group>";
		};
		7EE8EA2420B9C154001D5E72 /* LaunchScreen.storyboard */ = {
			isa = PBXVariantGroup;
			children = (
				7EE8EA2520B9C154001D5E72 /* Base */,
			);
			name = LaunchScreen.storyboard;
			sourceTree = "<group>";
		};
/* End PBXVariantGroup section */

/* Begin XCBuildConfiguration section */
		7EE8EA2820B9C154001D5E72 /* Debug */ = {
			isa = XCBuildConfiguration;
			buildSettings = {
				ALWAYS_SEARCH_USER_PATHS = NO;
				CLANG_ANALYZER_NONNULL = YES;
				CLANG_ANALYZER_NUMBER_OBJECT_CONVERSION = YES_AGGRESSIVE;
				CLANG_CXX_LANGUAGE_STANDARD = "gnu++14";
				CLANG_CXX_LIBRARY = "libc++";
				CLANG_ENABLE_MODULES = YES;
				CLANG_ENABLE_OBJC_ARC = YES;
				CLANG_ENABLE_OBJC_WEAK = YES;
				CLANG_WARN_BLOCK_CAPTURE_AUTORELEASING = YES;
				CLANG_WARN_BOOL_CONVERSION = YES;
				CLANG_WARN_COMMA = YES;
				CLANG_WARN_CONSTANT_CONVERSION = YES;
				CLANG_WARN_DEPRECATED_OBJC_IMPLEMENTATIONS = YES;
				CLANG_WARN_DIRECT_OBJC_ISA_USAGE = YES_ERROR;
				CLANG_WARN_DOCUMENTATION_COMMENTS = YES;
				CLANG_WARN_EMPTY_BODY = YES;
				CLANG_WARN_ENUM_CONVERSION = YES;
				CLANG_WARN_INFINITE_RECURSION = YES;
				CLANG_WARN_INT_CONVERSION = YES;
				CLANG_WARN_NON_LITERAL_NULL_CONVERSION = YES;
				CLANG_WARN_OBJC_IMPLICIT_RETAIN_SELF = YES;
				CLANG_WARN_OBJC_LITERAL_CONVERSION = YES;
				CLANG_WARN_OBJC_ROOT_CLASS = YES_ERROR;
				CLANG_WARN_RANGE_LOOP_ANALYSIS = YES;
				CLANG_WARN_STRICT_PROTOTYPES = YES;
				CLANG_WARN_SUSPICIOUS_MOVE = YES;
				CLANG_WARN_UNGUARDED_AVAILABILITY = YES_AGGRESSIVE;
				CLANG_WARN_UNREACHABLE_CODE = YES;
				CLANG_WARN__DUPLICATE_METHOD_MATCH = YES;
				CODE_SIGN_IDENTITY = "iPhone Developer";
				COPY_PHASE_STRIP = NO;
				DEBUG_INFORMATION_FORMAT = dwarf;
				ENABLE_STRICT_OBJC_MSGSEND = YES;
				ENABLE_TESTABILITY = YES;
				GCC_C_LANGUAGE_STANDARD = gnu11;
				GCC_DYNAMIC_NO_PIC = NO;
				GCC_NO_COMMON_BLOCKS = YES;
				GCC_OPTIMIZATION_LEVEL = 0;
				GCC_PREPROCESSOR_DEFINITIONS = (
					"DEBUG=1",
					"$(inherited)",
				);
				GCC_WARN_64_TO_32_BIT_CONVERSION = YES;
				GCC_WARN_ABOUT_RETURN_TYPE = YES_ERROR;
				GCC_WARN_UNDECLARED_SELECTOR = YES;
				GCC_WARN_UNINITIALIZED_AUTOS = YES_AGGRESSIVE;
				GCC_WARN_UNUSED_FUNCTION = YES;
				GCC_WARN_UNUSED_VARIABLE = YES;
				IPHONEOS_DEPLOYMENT_TARGET = 11.3;
				MTL_ENABLE_DEBUG_INFO = YES;
				ONLY_ACTIVE_ARCH = YES;
				SDKROOT = iphoneos;
				SWIFT_ACTIVE_COMPILATION_CONDITIONS = DEBUG;
				SWIFT_OPTIMIZATION_LEVEL = "-Onone";
			};
			name = Debug;
		};
		7EE8EA2920B9C154001D5E72 /* Release */ = {
			isa = XCBuildConfiguration;
			buildSettings = {
				ALWAYS_SEARCH_USER_PATHS = NO;
				CLANG_ANALYZER_NONNULL = YES;
				CLANG_ANALYZER_NUMBER_OBJECT_CONVERSION = YES_AGGRESSIVE;
				CLANG_CXX_LANGUAGE_STANDARD = "gnu++14";
				CLANG_CXX_LIBRARY = "libc++";
				CLANG_ENABLE_MODULES = YES;
				CLANG_ENABLE_OBJC_ARC = YES;
				CLANG_ENABLE_OBJC_WEAK = YES;
				CLANG_WARN_BLOCK_CAPTURE_AUTORELEASING = YES;
				CLANG_WARN_BOOL_CONVERSION = YES;
				CLANG_WARN_COMMA = YES;
				CLANG_WARN_CONSTANT_CONVERSION = YES;
				CLANG_WARN_DEPRECATED_OBJC_IMPLEMENTATIONS = YES;
				CLANG_WARN_DIRECT_OBJC_ISA_USAGE = YES_ERROR;
				CLANG_WARN_DOCUMENTATION_COMMENTS = YES;
				CLANG_WARN_EMPTY_BODY = YES;
				CLANG_WARN_ENUM_CONVERSION = YES;
				CLANG_WARN_INFINITE_RECURSION = YES;
				CLANG_WARN_INT_CONVERSION = YES;
				CLANG_WARN_NON_LITERAL_NULL_CONVERSION = YES;
				CLANG_WARN_OBJC_IMPLICIT_RETAIN_SELF = YES;
				CLANG_WARN_OBJC_LITERAL_CONVERSION = YES;
				CLANG_WARN_OBJC_ROOT_CLASS = YES_ERROR;
				CLANG_WARN_RANGE_LOOP_ANALYSIS = YES;
				CLANG_WARN_STRICT_PROTOTYPES = YES;
				CLANG_WARN_SUSPICIOUS_MOVE = YES;
				CLANG_WARN_UNGUARDED_AVAILABILITY = YES_AGGRESSIVE;
				CLANG_WARN_UNREACHABLE_CODE = YES;
				CLANG_WARN__DUPLICATE_METHOD_MATCH = YES;
				CODE_SIGN_IDENTITY = "iPhone Developer";
				COPY_PHASE_STRIP = NO;
				DEBUG_INFORMATION_FORMAT = "dwarf-with-dsym";
				ENABLE_NS_ASSERTIONS = NO;
				ENABLE_STRICT_OBJC_MSGSEND = YES;
				GCC_C_LANGUAGE_STANDARD = gnu11;
				GCC_NO_COMMON_BLOCKS = YES;
				GCC_WARN_64_TO_32_BIT_CONVERSION = YES;
				GCC_WARN_ABOUT_RETURN_TYPE = YES_ERROR;
				GCC_WARN_UNDECLARED_SELECTOR = YES;
				GCC_WARN_UNINITIALIZED_AUTOS = YES_AGGRESSIVE;
				GCC_WARN_UNUSED_FUNCTION = YES;
				GCC_WARN_UNUSED_VARIABLE = YES;
				IPHONEOS_DEPLOYMENT_TARGET = 11.3;
				MTL_ENABLE_DEBUG_INFO = NO;
				SDKROOT = iphoneos;
				SWIFT_COMPILATION_MODE = wholemodule;
				SWIFT_OPTIMIZATION_LEVEL = "-O";
				VALIDATE_PRODUCT = YES;
			};
			name = Release;
		};
		7EE8EA2B20B9C154001D5E72 /* Debug */ = {
			isa = XCBuildConfiguration;
			buildSettings = {
				ASSETCATALOG_COMPILER_APPICON_NAME = AppIcon;
				CODE_SIGN_STYLE = Automatic;
				DEVELOPMENT_TEAM = 6H7H99VYLE;
				INFOPLIST_FILE = ShoppingList/Info.plist;
				LD_RUNPATH_SEARCH_PATHS = (
					"$(inherited)",
					"@executable_path/Frameworks",
				);
				PRODUCT_BUNDLE_IDENTIFIER = com.jartown.ShoppingList;
				PRODUCT_NAME = "$(TARGET_NAME)";
				SWIFT_VERSION = 4.0;
				TARGETED_DEVICE_FAMILY = "1,2";
			};
			name = Debug;
		};
		7EE8EA2C20B9C154001D5E72 /* Release */ = {
			isa = XCBuildConfiguration;
			buildSettings = {
				ASSETCATALOG_COMPILER_APPICON_NAME = AppIcon;
				CODE_SIGN_STYLE = Automatic;
				DEVELOPMENT_TEAM = 6H7H99VYLE;
				INFOPLIST_FILE = ShoppingList/Info.plist;
				LD_RUNPATH_SEARCH_PATHS = (
					"$(inherited)",
					"@executable_path/Frameworks",
				);
				PRODUCT_BUNDLE_IDENTIFIER = com.jartown.ShoppingList;
				PRODUCT_NAME = "$(TARGET_NAME)";
				SWIFT_VERSION = 4.0;
				TARGETED_DEVICE_FAMILY = "1,2";
			};
			name = Release;
		};
/* End XCBuildConfiguration section */

/* Begin XCConfigurationList section */
		7EE8EA1320B9C14D001D5E72 /* Build configuration list for PBXProject "ShoppingList" */ = {
			isa = XCConfigurationList;
			buildConfigurations = (
				7EE8EA2820B9C154001D5E72 /* Debug */,
				7EE8EA2920B9C154001D5E72 /* Release */,
			);
			defaultConfigurationIsVisible = 0;
			defaultConfigurationName = Release;
		};
		7EE8EA2A20B9C154001D5E72 /* Build configuration list for PBXNativeTarget "ShoppingList" */ = {
			isa = XCConfigurationList;
			buildConfigurations = (
				7EE8EA2B20B9C154001D5E72 /* Debug */,
				7EE8EA2C20B9C154001D5E72 /* Release */,
			);
			defaultConfigurationIsVisible = 0;
			defaultConfigurationName = Release;
		};
/* End XCConfigurationList section */
	};
	rootObject = 7EE8EA1020B9C14D001D5E72 /* Project object */;
}
